
Microsoft Visual Studio Solution File, Format Version 12.00
# Visual Studio 15
VisualStudioVersion = 15.0.27004.2002
MinimumVisualStudioVersion = 10.0.40219.1
Project("{FAE04EC0-301F-11D3-BF4B-00C04F79EFBC}") = "Registradora", "Registradora\Registradora.csproj", "{18D06E53-BD85-47AE-AFEC-98284B5C50F4}"
EndProject
Project("{FAE04EC0-301F-11D3-BF4B-00C04F79EFBC}") = "Registradora.Tests", "Registradora.Tests\Registradora.Tests.csproj", "{B876F9AD-73AB-4B90-98A5-389304E4BAFB}"
EndProject
Global
	GlobalSection(SolutionConfigurationPlatforms) = preSolution
		Debug|Any CPU = Debug|Any CPU
		Release|Any CPU = Release|Any CPU
	EndGlobalSection
	GlobalSection(ProjectConfigurationPlatforms) = postSolution
		{18D06E53-BD85-47AE-AFEC-98284B5C50F4}.Debug|Any CPU.ActiveCfg = Debug|Any CPU
		{18D06E53-BD85-47AE-AFEC-98284B5C50F4}.Debug|Any CPU.Build.0 = Debug|Any CPU
		{18D06E53-BD85-47AE-AFEC-98284B5C50F4}.Release|Any CPU.ActiveCfg = Release|Any CPU
		{18D06E53-BD85-47AE-AFEC-98284B5C50F4}.Release|Any CPU.Build.0 = Release|Any CPU
		{B876F9AD-73AB-4B90-98A5-389304E4BAFB}.Debug|Any CPU.ActiveCfg = Debug|Any CPU
		{B876F9AD-73AB-4B90-98A5-389304E4BAFB}.Debug|Any CPU.Build.0 = Debug|Any CPU
		{B876F9AD-73AB-4B90-98A5-389304E4BAFB}.Release|Any CPU.ActiveCfg = Release|Any CPU
		{B876F9AD-73AB-4B90-98A5-389304E4BAFB}.Release|Any CPU.Build.0 = Release|Any CPU
	EndGlobalSection
	GlobalSection(SolutionProperties) = preSolution
		HideSolutionNode = FALSE
	EndGlobalSection
	GlobalSection(ExtensibilityGlobals) = postSolution
		SolutionGuid = {8F3A5F06-DBD5-4C54-ADA8-61CC25E1DA8B}
	EndGlobalSection
EndGlobal
